
Microsoft Visual Studio Solution File, Format Version 12.00
# Visual Studio Version 16
VisualStudioVersion = 16.0.32002.261
MinimumVisualStudioVersion = 10.0.40219.1
Project("{FAE04EC0-301F-11D3-BF4B-00C04F79EFBC}") = "RentaCar", "test1\RentaCar.csproj", "{ECA9C624-F10B-479B-84BA-01E34AAA33FC}"
EndProject
Global
	GlobalSection(SolutionConfigurationPlatforms) = preSolution
		Debug|Any CPU = Debug|Any CPU
		Release|Any CPU = Release|Any CPU
	EndGlobalSection
	GlobalSection(ProjectConfigurationPlatforms) = postSolution
		{ECA9C624-F10B-479B-84BA-01E34AAA33FC}.Debug|Any CPU.ActiveCfg = Debug|Any CPU
		{ECA9C624-F10B-479B-84BA-01E34AAA33FC}.Debug|Any CPU.Build.0 = Debug|Any CPU
		{ECA9C624-F10B-479B-84BA-01E34AAA33FC}.Release|Any CPU.ActiveCfg = Release|Any CPU
		{ECA9C624-F10B-479B-84BA-01E34AAA33FC}.Release|Any CPU.Build.0 = Release|Any CPU
	EndGlobalSection
	GlobalSection(SolutionProperties) = preSolution
		HideSolutionNode = FALSE
	EndGlobalSection
	GlobalSection(ExtensibilityGlobals) = postSolution
		SolutionGuid = {EBDEC4A4-0169-4E06-8BEF-84C5E7FA00D4}
	EndGlobalSection
EndGlobal
